
Microsoft Visual Studio Solution File, Format Version 12.00
# Visual Studio Version 17
VisualStudioVersion = 17.0.31903.59
MinimumVisualStudioVersion = 10.0.40219.1
Project("{FAE04EC0-301F-11D3-BF4B-00C04F79EFBC}") = "API", "API\API.csproj", "{331BA419-3F4F-4DD3-A550-377548E85753}"
EndProject
Project("{FAE04EC0-301F-11D3-BF4B-00C04F79EFBC}") = "Application", "Application\Application.csproj", "{66063F12-E943-4DBF-A918-AF28257EC898}"
EndProject
Project("{FAE04EC0-301F-11D3-BF4B-00C04F79EFBC}") = "Domain", "Domain\Domain.csproj", "{F3BF13AA-6677-42BB-8767-D6F51EC718F8}"
EndProject
Project("{FAE04EC0-301F-11D3-BF4B-00C04F79EFBC}") = "Persistence", "Persistence\Persistence.csproj", "{83DB1037-DE65-4557-8B6A-6DA7F380122A}"
EndProject
Global
	GlobalSection(SolutionConfigurationPlatforms) = preSolution
		Debug|Any CPU = Debug|Any CPU
		Release|Any CPU = Release|Any CPU
	EndGlobalSection
	GlobalSection(SolutionProperties) = preSolution
		HideSolutionNode = FALSE
	EndGlobalSection
	GlobalSection(ProjectConfigurationPlatforms) = postSolution
		{331BA419-3F4F-4DD3-A550-377548E85753}.Debug|Any CPU.ActiveCfg = Debug|Any CPU
		{331BA419-3F4F-4DD3-A550-377548E85753}.Debug|Any CPU.Build.0 = Debug|Any CPU
		{331BA419-3F4F-4DD3-A550-377548E85753}.Release|Any CPU.ActiveCfg = Release|Any CPU
		{331BA419-3F4F-4DD3-A550-377548E85753}.Release|Any CPU.Build.0 = Release|Any CPU
		{66063F12-E943-4DBF-A918-AF28257EC898}.Debug|Any CPU.ActiveCfg = Debug|Any CPU
		{66063F12-E943-4DBF-A918-AF28257EC898}.Debug|Any CPU.Build.0 = Debug|Any CPU
		{66063F12-E943-4DBF-A918-AF28257EC898}.Release|Any CPU.ActiveCfg = Release|Any CPU
		{66063F12-E943-4DBF-A918-AF28257EC898}.Release|Any CPU.Build.0 = Release|Any CPU
		{F3BF13AA-6677-42BB-8767-D6F51EC718F8}.Debug|Any CPU.ActiveCfg = Debug|Any CPU
		{F3BF13AA-6677-42BB-8767-D6F51EC718F8}.Debug|Any CPU.Build.0 = Debug|Any CPU
		{F3BF13AA-6677-42BB-8767-D6F51EC718F8}.Release|Any CPU.ActiveCfg = Release|Any CPU
		{F3BF13AA-6677-42BB-8767-D6F51EC718F8}.Release|Any CPU.Build.0 = Release|Any CPU
		{83DB1037-DE65-4557-8B6A-6DA7F380122A}.Debug|Any CPU.ActiveCfg = Debug|Any CPU
		{83DB1037-DE65-4557-8B6A-6DA7F380122A}.Debug|Any CPU.Build.0 = Debug|Any CPU
		{83DB1037-DE65-4557-8B6A-6DA7F380122A}.Release|Any CPU.ActiveCfg = Release|Any CPU
		{83DB1037-DE65-4557-8B6A-6DA7F380122A}.Release|Any CPU.Build.0 = Release|Any CPU
	EndGlobalSection
EndGlobal
